// !$*UTF8*$!
{
	archiveVersion = 1;
	classes = {
	};
	objectVersion = 56;
	objects = {

/* Begin PBXBuildFile section */
		150C1E132A4810520022671F /* PriorityShape.swift in Sources */ = {isa = PBXBuildFile; fileRef = 150C1E122A4810520022671F /* PriorityShape.swift */; };
		150C1E152A48C5F40022671F /* Color+AdjustOpacity.swift in Sources */ = {isa = PBXBuildFile; fileRef = 150C1E142A48C5F30022671F /* Color+AdjustOpacity.swift */; };
		150C1E172A48CEF40022671F /* View+CustomFont.swift in Sources */ = {isa = PBXBuildFile; fileRef = 150C1E162A48CEF40022671F /* View+CustomFont.swift */; };
		150C1E192A48D5A30022671F /* HeaderView.swift in Sources */ = {isa = PBXBuildFile; fileRef = 150C1E182A48D5A30022671F /* HeaderView.swift */; };
		150C1E1B2A48DA110022671F /* EmptyTaskRowView.swift in Sources */ = {isa = PBXBuildFile; fileRef = 150C1E1A2A48DA110022671F /* EmptyTaskRowView.swift */; };
		157E3F3629EED782006BA66C /* EventShape.swift in Sources */ = {isa = PBXBuildFile; fileRef = 157E3F3529EED782006BA66C /* EventShape.swift */; };
		15DBBD6329EB2F6E004C3E9E /* AnalogTodoApp.swift in Sources */ = {isa = PBXBuildFile; fileRef = 15DBBD6229EB2F6E004C3E9E /* AnalogTodoApp.swift */; };
		15DBBD6529EB2F6E004C3E9E /* ContentView.swift in Sources */ = {isa = PBXBuildFile; fileRef = 15DBBD6429EB2F6E004C3E9E /* ContentView.swift */; };
		15DBBD6729EB2F6F004C3E9E /* Assets.xcassets in Resources */ = {isa = PBXBuildFile; fileRef = 15DBBD6629EB2F6F004C3E9E /* Assets.xcassets */; };
		15DBBD6A29EB2F6F004C3E9E /* Preview Assets.xcassets in Resources */ = {isa = PBXBuildFile; fileRef = 15DBBD6929EB2F6F004C3E9E /* Preview Assets.xcassets */; };
		15DBBD7429EB3355004C3E9E /* Task.swift in Sources */ = {isa = PBXBuildFile; fileRef = 15DBBD7329EB3355004C3E9E /* Task.swift */; };
		15DBBD7629EB3420004C3E9E /* TaskList.swift in Sources */ = {isa = PBXBuildFile; fileRef = 15DBBD7529EB3420004C3E9E /* TaskList.swift */; };
		15DBBD7C29EBAD95004C3E9E /* TomorrowShape.swift in Sources */ = {isa = PBXBuildFile; fileRef = 15DBBD7B29EBAD95004C3E9E /* TomorrowShape.swift */; };
		15DBBD7E29EBB14A004C3E9E /* NoneShape.swift in Sources */ = {isa = PBXBuildFile; fileRef = 15DBBD7D29EBB14A004C3E9E /* NoneShape.swift */; };
		15DBBD8029EBB214004C3E9E /* TonightShape.swift in Sources */ = {isa = PBXBuildFile; fileRef = 15DBBD7F29EBB214004C3E9E /* TonightShape.swift */; };
		15DBBD8429EBB43C004C3E9E /* InProgressShape.swift in Sources */ = {isa = PBXBuildFile; fileRef = 15DBBD8329EBB43C004C3E9E /* InProgressShape.swift */; };
		15DBBD8629EBBC94004C3E9E /* ShapeForAction.swift in Sources */ = {isa = PBXBuildFile; fileRef = 15DBBD8529EBBC94004C3E9E /* ShapeForAction.swift */; };
/* End PBXBuildFile section */

/* Begin PBXFileReference section */
		150C1E122A4810520022671F /* PriorityShape.swift */ = {isa = PBXFileReference; lastKnownFileType = sourcecode.swift; path = PriorityShape.swift; sourceTree = "<group>"; };
		150C1E142A48C5F30022671F /* Color+AdjustOpacity.swift */ = {isa = PBXFileReference; lastKnownFileType = sourcecode.swift; path = "Color+AdjustOpacity.swift"; sourceTree = "<group>"; };
		150C1E162A48CEF40022671F /* View+CustomFont.swift */ = {isa = PBXFileReference; lastKnownFileType = sourcecode.swift; path = "View+CustomFont.swift"; sourceTree = "<group>"; };
		150C1E182A48D5A30022671F /* HeaderView.swift */ = {isa = PBXFileReference; lastKnownFileType = sourcecode.swift; path = HeaderView.swift; sourceTree = "<group>"; };
		150C1E1A2A48DA110022671F /* EmptyTaskRowView.swift */ = {isa = PBXFileReference; lastKnownFileType = sourcecode.swift; path = EmptyTaskRowView.swift; sourceTree = "<group>"; };
		157E3F3529EED782006BA66C /* EventShape.swift */ = {isa = PBXFileReference; lastKnownFileType = sourcecode.swift; path = EventShape.swift; sourceTree = "<group>"; };
		15DBBD5F29EB2F6E004C3E9E /* AnalogTodo.app */ = {isa = PBXFileReference; explicitFileType = wrapper.application; includeInIndex = 0; path = AnalogTodo.app; sourceTree = BUILT_PRODUCTS_DIR; };
		15DBBD6229EB2F6E004C3E9E /* AnalogTodoApp.swift */ = {isa = PBXFileReference; lastKnownFileType = sourcecode.swift; path = AnalogTodoApp.swift; sourceTree = "<group>"; };
		15DBBD6429EB2F6E004C3E9E /* ContentView.swift */ = {isa = PBXFileReference; lastKnownFileType = sourcecode.swift; path = ContentView.swift; sourceTree = "<group>"; };
		15DBBD6629EB2F6F004C3E9E /* Assets.xcassets */ = {isa = PBXFileReference; lastKnownFileType = folder.assetcatalog; path = Assets.xcassets; sourceTree = "<group>"; };
		15DBBD6929EB2F6F004C3E9E /* Preview Assets.xcassets */ = {isa = PBXFileReference; lastKnownFileType = folder.assetcatalog; path = "Preview Assets.xcassets"; sourceTree = "<group>"; };
		15DBBD7329EB3355004C3E9E /* Task.swift */ = {isa = PBXFileReference; lastKnownFileType = sourcecode.swift; path = Task.swift; sourceTree = "<group>"; };
		15DBBD7529EB3420004C3E9E /* TaskList.swift */ = {isa = PBXFileReference; lastKnownFileType = sourcecode.swift; path = TaskList.swift; sourceTree = "<group>"; };
		15DBBD7929EB6B80004C3E9E /* Info.plist */ = {isa = PBXFileReference; lastKnownFileType = text.plist; path = Info.plist; sourceTree = "<group>"; };
		15DBBD7B29EBAD95004C3E9E /* TomorrowShape.swift */ = {isa = PBXFileReference; lastKnownFileType = sourcecode.swift; path = TomorrowShape.swift; sourceTree = "<group>"; };
		15DBBD7D29EBB14A004C3E9E /* NoneShape.swift */ = {isa = PBXFileReference; lastKnownFileType = sourcecode.swift; path = NoneShape.swift; sourceTree = "<group>"; };
		15DBBD7F29EBB214004C3E9E /* TonightShape.swift */ = {isa = PBXFileReference; lastKnownFileType = sourcecode.swift; path = TonightShape.swift; sourceTree = "<group>"; };
		15DBBD8329EBB43C004C3E9E /* InProgressShape.swift */ = {isa = PBXFileReference; lastKnownFileType = sourcecode.swift; path = InProgressShape.swift; sourceTree = "<group>"; };
		15DBBD8529EBBC94004C3E9E /* ShapeForAction.swift */ = {isa = PBXFileReference; lastKnownFileType = sourcecode.swift; path = ShapeForAction.swift; sourceTree = "<group>"; };
/* End PBXFileReference section */

/* Begin PBXFrameworksBuildPhase section */
		15DBBD5C29EB2F6E004C3E9E /* Frameworks */ = {
			isa = PBXFrameworksBuildPhase;
			buildActionMask = 2147483647;
			files = (
			);
			runOnlyForDeploymentPostprocessing = 0;
		};
/* End PBXFrameworksBuildPhase section */

/* Begin PBXGroup section */
		15DBBD5629EB2F6E004C3E9E = {
			isa = PBXGroup;
			children = (
				15DBBD6129EB2F6E004C3E9E /* AnalogTodoClone */,
				15DBBD6029EB2F6E004C3E9E /* Products */,
			);
			sourceTree = "<group>";
		};
		15DBBD6029EB2F6E004C3E9E /* Products */ = {
			isa = PBXGroup;
			children = (
				15DBBD5F29EB2F6E004C3E9E /* AnalogTodo.app */,
			);
			name = Products;
			sourceTree = "<group>";
		};
		15DBBD6129EB2F6E004C3E9E /* AnalogTodoClone */ = {
			isa = PBXGroup;
			children = (
				15DBBD7929EB6B80004C3E9E /* Info.plist */,
				15DBBD6229EB2F6E004C3E9E /* AnalogTodoApp.swift */,
				15DBBD7029EB331A004C3E9E /* Views */,
				15DBBD7229EB333A004C3E9E /* ViewModels */,
				15DBBD7129EB3329004C3E9E /* Models */,
				15DBBD6629EB2F6F004C3E9E /* Assets.xcassets */,
				15DBBD6829EB2F6F004C3E9E /* Preview Content */,
			);
			path = AnalogTodoClone;
			sourceTree = "<group>";
		};
		15DBBD6829EB2F6F004C3E9E /* Preview Content */ = {
			isa = PBXGroup;
			children = (
				15DBBD6929EB2F6F004C3E9E /* Preview Assets.xcassets */,
			);
			path = "Preview Content";
			sourceTree = "<group>";
		};
		15DBBD7029EB331A004C3E9E /* Views */ = {
			isa = PBXGroup;
			children = (
				15DBBD6429EB2F6E004C3E9E /* ContentView.swift */,
				150C1E182A48D5A30022671F /* HeaderView.swift */,
				150C1E1A2A48DA110022671F /* EmptyTaskRowView.swift */,
				150C1E142A48C5F30022671F /* Color+AdjustOpacity.swift */,
				150C1E162A48CEF40022671F /* View+CustomFont.swift */,
				15DBBD7A29EBAD69004C3E9E /* Shapes */,
			);
			path = Views;
			sourceTree = "<group>";
		};
		15DBBD7129EB3329004C3E9E /* Models */ = {
			isa = PBXGroup;
			children = (
				15DBBD7329EB3355004C3E9E /* Task.swift */,
			);
			path = Models;
			sourceTree = "<group>";
		};
		15DBBD7229EB333A004C3E9E /* ViewModels */ = {
			isa = PBXGroup;
			children = (
				15DBBD7529EB3420004C3E9E /* TaskList.swift */,
			);
			path = ViewModels;
			sourceTree = "<group>";
		};
		15DBBD7A29EBAD69004C3E9E /* Shapes */ = {
			isa = PBXGroup;
			children = (
				15DBBD7B29EBAD95004C3E9E /* TomorrowShape.swift */,
				15DBBD7D29EBB14A004C3E9E /* NoneShape.swift */,
				15DBBD7F29EBB214004C3E9E /* TonightShape.swift */,
				15DBBD8329EBB43C004C3E9E /* InProgressShape.swift */,
				157E3F3529EED782006BA66C /* EventShape.swift */,
				15DBBD8529EBBC94004C3E9E /* ShapeForAction.swift */,
				150C1E122A4810520022671F /* PriorityShape.swift */,
			);
			path = Shapes;
			sourceTree = "<group>";
		};
/* End PBXGroup section */

/* Begin PBXNativeTarget section */
		15DBBD5E29EB2F6E004C3E9E /* AnalogTodo */ = {
			isa = PBXNativeTarget;
			buildConfigurationList = 15DBBD6D29EB2F6F004C3E9E /* Build configuration list for PBXNativeTarget "AnalogTodo" */;
			buildPhases = (
				15DBBD5B29EB2F6E004C3E9E /* Sources */,
				15DBBD5C29EB2F6E004C3E9E /* Frameworks */,
				15DBBD5D29EB2F6E004C3E9E /* Resources */,
			);
			buildRules = (
			);
			dependencies = (
			);
			name = AnalogTodo;
			productName = AnalogTodoClone;
			productReference = 15DBBD5F29EB2F6E004C3E9E /* AnalogTodo.app */;
			productType = "com.apple.product-type.application";
		};
/* End PBXNativeTarget section */

/* Begin PBXProject section */
		15DBBD5729EB2F6E004C3E9E /* Project object */ = {
			isa = PBXProject;
			attributes = {
				BuildIndependentTargetsInParallel = 1;
				LastSwiftUpdateCheck = 1420;
				LastUpgradeCheck = 1420;
				TargetAttributes = {
					15DBBD5E29EB2F6E004C3E9E = {
						CreatedOnToolsVersion = 14.2;
					};
				};
			};
			buildConfigurationList = 15DBBD5A29EB2F6E004C3E9E /* Build configuration list for PBXProject "AnalogTodo" */;
			compatibilityVersion = "Xcode 14.0";
			developmentRegion = en;
			hasScannedForEncodings = 0;
			knownRegions = (
				en,
				Base,
			);
			mainGroup = 15DBBD5629EB2F6E004C3E9E;
			productRefGroup = 15DBBD6029EB2F6E004C3E9E /* Products */;
			projectDirPath = "";
			projectRoot = "";
			targets = (
				15DBBD5E29EB2F6E004C3E9E /* AnalogTodo */,
			);
		};
/* End PBXProject section */

/* Begin PBXResourcesBuildPhase section */
		15DBBD5D29EB2F6E004C3E9E /* Resources */ = {
			isa = PBXResourcesBuildPhase;
			buildActionMask = 2147483647;
			files = (
				15DBBD6A29EB2F6F004C3E9E /* Preview Assets.xcassets in Resources */,
				15DBBD6729EB2F6F004C3E9E /* Assets.xcassets in Resources */,
			);
			runOnlyForDeploymentPostprocessing = 0;
		};
/* End PBXResourcesBuildPhase section */

/* Begin PBXSourcesBuildPhase section */
		15DBBD5B29EB2F6E004C3E9E /* Sources */ = {
			isa = PBXSourcesBuildPhase;
			buildActionMask = 2147483647;
			files = (
				150C1E1B2A48DA110022671F /* EmptyTaskRowView.swift in Sources */,
				15DBBD7629EB3420004C3E9E /* TaskList.swift in Sources */,
				15DBBD6529EB2F6E004C3E9E /* ContentView.swift in Sources */,
				15DBBD7429EB3355004C3E9E /* Task.swift in Sources */,
				15DBBD8029EBB214004C3E9E /* TonightShape.swift in Sources */,
				15DBBD8629EBBC94004C3E9E /* ShapeForAction.swift in Sources */,
				150C1E132A4810520022671F /* PriorityShape.swift in Sources */,
				15DBBD7E29EBB14A004C3E9E /* NoneShape.swift in Sources */,
				157E3F3629EED782006BA66C /* EventShape.swift in Sources */,
				15DBBD8429EBB43C004C3E9E /* InProgressShape.swift in Sources */,
				15DBBD6329EB2F6E004C3E9E /* AnalogTodoApp.swift in Sources */,
				150C1E172A48CEF40022671F /* View+CustomFont.swift in Sources */,
				150C1E152A48C5F40022671F /* Color+AdjustOpacity.swift in Sources */,
				15DBBD7C29EBAD95004C3E9E /* TomorrowShape.swift in Sources */,
				150C1E192A48D5A30022671F /* HeaderView.swift in Sources */,
			);
			runOnlyForDeploymentPostprocessing = 0;
		};
/* End PBXSourcesBuildPhase section */

/* Begin XCBuildConfiguration section */
		15DBBD6B29EB2F6F004C3E9E /* Debug */ = {
			isa = XCBuildConfiguration;
			buildSettings = {
				ALWAYS_SEARCH_USER_PATHS = NO;
				CLANG_ANALYZER_NONNULL = YES;
				CLANG_ANALYZER_NUMBER_OBJECT_CONVERSION = YES_AGGRESSIVE;
				CLANG_CXX_LANGUAGE_STANDARD = "gnu++20";
				CLANG_ENABLE_MODULES = YES;
				CLANG_ENABLE_OBJC_ARC = YES;
				CLANG_ENABLE_OBJC_WEAK = YES;
				CLANG_WARN_BLOCK_CAPTURE_AUTORELEASING = YES;
				CLANG_WARN_BOOL_CONVERSION = YES;
				CLANG_WARN_COMMA = YES;
				CLANG_WARN_CONSTANT_CONVERSION = YES;
				CLANG_WARN_DEPRECATED_OBJC_IMPLEMENTATIONS = YES;
				CLANG_WARN_DIRECT_OBJC_ISA_USAGE = YES_ERROR;
				CLANG_WARN_DOCUMENTATION_COMMENTS = YES;
				CLANG_WARN_EMPTY_BODY = YES;
				CLANG_WARN_ENUM_CONVERSION = YES;
				CLANG_WARN_INFINITE_RECURSION = YES;
				CLANG_WARN_INT_CONVERSION = YES;
				CLANG_WARN_NON_LITERAL_NULL_CONVERSION = YES;
				CLANG_WARN_OBJC_IMPLICIT_RETAIN_SELF = YES;
				CLANG_WARN_OBJC_LITERAL_CONVERSION = YES;
				CLANG_WARN_OBJC_ROOT_CLASS = YES_ERROR;
				CLANG_WARN_QUOTED_INCLUDE_IN_FRAMEWORK_HEADER = YES;
				CLANG_WARN_RANGE_LOOP_ANALYSIS = YES;
				CLANG_WARN_STRICT_PROTOTYPES = YES;
				CLANG_WARN_SUSPICIOUS_MOVE = YES;
				CLANG_WARN_UNGUARDED_AVAILABILITY = YES_AGGRESSIVE;
				CLANG_WARN_UNREACHABLE_CODE = YES;
				CLANG_WARN__DUPLICATE_METHOD_MATCH = YES;
				COPY_PHASE_STRIP = NO;
				DEBUG_INFORMATION_FORMAT = dwarf;
				ENABLE_STRICT_OBJC_MSGSEND = YES;
				ENABLE_TESTABILITY = YES;
				GCC_C_LANGUAGE_STANDARD = gnu11;
				GCC_DYNAMIC_NO_PIC = NO;
				GCC_NO_COMMON_BLOCKS = YES;
				GCC_OPTIMIZATION_LEVEL = 0;
				GCC_PREPROCESSOR_DEFINITIONS = (
					"DEBUG=1",
					"$(inherited)",
				);
				GCC_WARN_64_TO_32_BIT_CONVERSION = YES;
				GCC_WARN_ABOUT_RETURN_TYPE = YES_ERROR;
				GCC_WARN_UNDECLARED_SELECTOR = YES;
				GCC_WARN_UNINITIALIZED_AUTOS = YES_AGGRESSIVE;
				GCC_WARN_UNUSED_FUNCTION = YES;
				GCC_WARN_UNUSED_VARIABLE = YES;
				IPHONEOS_DEPLOYMENT_TARGET = 16.2;
				MTL_ENABLE_DEBUG_INFO = INCLUDE_SOURCE;
				MTL_FAST_MATH = YES;
				ONLY_ACTIVE_ARCH = YES;
				SDKROOT = iphoneos;
				SWIFT_ACTIVE_COMPILATION_CONDITIONS = DEBUG;
				SWIFT_OPTIMIZATION_LEVEL = "-Onone";
			};
			name = Debug;
		};
		15DBBD6C29EB2F6F004C3E9E /* Release */ = {
			isa = XCBuildConfiguration;
			buildSettings = {
				ALWAYS_SEARCH_USER_PATHS = NO;
				CLANG_ANALYZER_NONNULL = YES;
				CLANG_ANALYZER_NUMBER_OBJECT_CONVERSION = YES_AGGRESSIVE;
				CLANG_CXX_LANGUAGE_STANDARD = "gnu++20";
				CLANG_ENABLE_MODULES = YES;
				CLANG_ENABLE_OBJC_ARC = YES;
				CLANG_ENABLE_OBJC_WEAK = YES;
				CLANG_WARN_BLOCK_CAPTURE_AUTORELEASING = YES;
				CLANG_WARN_BOOL_CONVERSION = YES;
				CLANG_WARN_COMMA = YES;
				CLANG_WARN_CONSTANT_CONVERSION = YES;
				CLANG_WARN_DEPRECATED_OBJC_IMPLEMENTATIONS = YES;
				CLANG_WARN_DIRECT_OBJC_ISA_USAGE = YES_ERROR;
				CLANG_WARN_DOCUMENTATION_COMMENTS = YES;
				CLANG_WARN_EMPTY_BODY = YES;
				CLANG_WARN_ENUM_CONVERSION = YES;
				CLANG_WARN_INFINITE_RECURSION = YES;
				CLANG_WARN_INT_CONVERSION = YES;
				CLANG_WARN_NON_LITERAL_NULL_CONVERSION = YES;
				CLANG_WARN_OBJC_IMPLICIT_RETAIN_SELF = YES;
				CLANG_WARN_OBJC_LITERAL_CONVERSION = YES;
				CLANG_WARN_OBJC_ROOT_CLASS = YES_ERROR;
				CLANG_WARN_QUOTED_INCLUDE_IN_FRAMEWORK_HEADER = YES;
				CLANG_WARN_RANGE_LOOP_ANALYSIS = YES;
				CLANG_WARN_STRICT_PROTOTYPES = YES;
				CLANG_WARN_SUSPICIOUS_MOVE = YES;
				CLANG_WARN_UNGUARDED_AVAILABILITY = YES_AGGRESSIVE;
				CLANG_WARN_UNREACHABLE_CODE = YES;
				CLANG_WARN__DUPLICATE_METHOD_MATCH = YES;
				COPY_PHASE_STRIP = NO;
				DEBUG_INFORMATION_FORMAT = "dwarf-with-dsym";
				ENABLE_NS_ASSERTIONS = NO;
				ENABLE_STRICT_OBJC_MSGSEND = YES;
				GCC_C_LANGUAGE_STANDARD = gnu11;
				GCC_NO_COMMON_BLOCKS = YES;
				GCC_WARN_64_TO_32_BIT_CONVERSION = YES;
				GCC_WARN_ABOUT_RETURN_TYPE = YES_ERROR;
				GCC_WARN_UNDECLARED_SELECTOR = YES;
				GCC_WARN_UNINITIALIZED_AUTOS = YES_AGGRESSIVE;
				GCC_WARN_UNUSED_FUNCTION = YES;
				GCC_WARN_UNUSED_VARIABLE = YES;
				IPHONEOS_DEPLOYMENT_TARGET = 16.2;
				MTL_ENABLE_DEBUG_INFO = NO;
				MTL_FAST_MATH = YES;
				SDKROOT = iphoneos;
				SWIFT_COMPILATION_MODE = wholemodule;
				SWIFT_OPTIMIZATION_LEVEL = "-O";
				VALIDATE_PRODUCT = YES;
			};
			name = Release;
		};
		15DBBD6E29EB2F6F004C3E9E /* Debug */ = {
			isa = XCBuildConfiguration;
			buildSettings = {
				ASSETCATALOG_COMPILER_APPICON_NAME = AppIcon;
				ASSETCATALOG_COMPILER_GLOBAL_ACCENT_COLOR_NAME = AccentColor;
				CODE_SIGN_STYLE = Automatic;
				CURRENT_PROJECT_VERSION = 1;
				DEVELOPMENT_ASSET_PATHS = "\"AnalogTodoClone/Preview Content\"";
				DEVELOPMENT_TEAM = A4J2ZGNF23;
				ENABLE_PREVIEWS = YES;
				GENERATE_INFOPLIST_FILE = YES;
				INFOPLIST_FILE = AnalogTodoClone/Info.plist;
				INFOPLIST_KEY_UIApplicationSupportsIndirectInputEvents = YES;
				INFOPLIST_KEY_UILaunchScreen_Generation = YES;
				INFOPLIST_KEY_UISupportedInterfaceOrientations_iPad = "UIInterfaceOrientationPortrait UIInterfaceOrientationPortraitUpsideDown UIInterfaceOrientationLandscapeLeft UIInterfaceOrientationLandscapeRight";
				INFOPLIST_KEY_UISupportedInterfaceOrientations_iPhone = "UIInterfaceOrientationPortrait UIInterfaceOrientationLandscapeLeft UIInterfaceOrientationLandscapeRight";
				LD_RUNPATH_SEARCH_PATHS = (
					"$(inherited)",
					"@executable_path/Frameworks",
				);
				MARKETING_VERSION = 1.0;
				PRODUCT_BUNDLE_IDENTIFIER = com.jontoussaint.AnalogTodo;
				PRODUCT_NAME = "$(TARGET_NAME)";
				SWIFT_EMIT_LOC_STRINGS = YES;
				SWIFT_VERSION = 5.0;
				TARGETED_DEVICE_FAMILY = "1,2";
			};
			name = Debug;
		};
		15DBBD6F29EB2F6F004C3E9E /* Release */ = {
			isa = XCBuildConfiguration;
			buildSettings = {
				ASSETCATALOG_COMPILER_APPICON_NAME = AppIcon;
				ASSETCATALOG_COMPILER_GLOBAL_ACCENT_COLOR_NAME = AccentColor;
				CODE_SIGN_STYLE = Automatic;
				CURRENT_PROJECT_VERSION = 1;
				DEVELOPMENT_ASSET_PATHS = "\"AnalogTodoClone/Preview Content\"";
				DEVELOPMENT_TEAM = A4J2ZGNF23;
				ENABLE_PREVIEWS = YES;
				GENERATE_INFOPLIST_FILE = YES;
				INFOPLIST_FILE = AnalogTodoClone/Info.plist;
				INFOPLIST_KEY_UIApplicationSupportsIndirectInputEvents = YES;
				INFOPLIST_KEY_UILaunchScreen_Generation = YES;
				INFOPLIST_KEY_UISupportedInterfaceOrientations_iPad = "UIInterfaceOrientationPortrait UIInterfaceOrientationPortraitUpsideDown UIInterfaceOrientationLandscapeLeft UIInterfaceOrientationLandscapeRight";
				INFOPLIST_KEY_UISupportedInterfaceOrientations_iPhone = "UIInterfaceOrientationPortrait UIInterfaceOrientationLandscapeLeft UIInterfaceOrientationLandscapeRight";
				LD_RUNPATH_SEARCH_PATHS = (
					"$(inherited)",
					"@executable_path/Frameworks",
				);
				MARKETING_VERSION = 1.0;
				PRODUCT_BUNDLE_IDENTIFIER = com.jontoussaint.AnalogTodo;
				PRODUCT_NAME = "$(TARGET_NAME)";
				SWIFT_EMIT_LOC_STRINGS = YES;
				SWIFT_VERSION = 5.0;
				TARGETED_DEVICE_FAMILY = "1,2";
			};
			name = Release;
		};
/* End XCBuildConfiguration section */

/* Begin XCConfigurationList section */
		15DBBD5A29EB2F6E004C3E9E /* Build configuration list for PBXProject "AnalogTodo" */ = {
			isa = XCConfigurationList;
			buildConfigurations = (
				15DBBD6B29EB2F6F004C3E9E /* Debug */,
				15DBBD6C29EB2F6F004C3E9E /* Release */,
			);
			defaultConfigurationIsVisible = 0;
			defaultConfigurationName = Release;
		};
		15DBBD6D29EB2F6F004C3E9E /* Build configuration list for PBXNativeTarget "AnalogTodo" */ = {
			isa = XCConfigurationList;
			buildConfigurations = (
				15DBBD6E29EB2F6F004C3E9E /* Debug */,
				15DBBD6F29EB2F6F004C3E9E /* Release */,
			);
			defaultConfigurationIsVisible = 0;
			defaultConfigurationName = Release;
		};
/* End XCConfigurationList section */
	};
	rootObject = 15DBBD5729EB2F6E004C3E9E /* Project object */;
}
